
Microsoft Visual Studio Solution File, Format Version 12.00
# Visual Studio 14
VisualStudioVersion = 14.0.25420.1
MinimumVisualStudioVersion = 10.0.40219.1
Project("{8BC9CEB8-8B4A-11D0-8D11-00A0C91BC942}") = "VArch", "VArch.vcxproj", "{40CD7850-BF53-42AD-BA5C-DCC98519F044}"
EndProject
Project("{8BC9CEB8-8B4A-11D0-8D11-00A0C91BC942}") = "Octree", "src\Octree\Octree.vcxproj", "{40CD7850-BF53-42AD-BA5C-DCC98519F045}"
	ProjectSection(ProjectDependencies) = postProject
		{40CD7850-BF53-42AD-BA5C-DCC98519F044} = {40CD7850-BF53-42AD-BA5C-DCC98519F044}
	EndProjectSection
EndProject
Project("{8BC9CEB8-8B4A-11D0-8D11-00A0C91BC942}") = "Quadtree", "src\Quadtree\Quadtree.vcxproj", "{40CD7850-BF53-42AD-BA5C-DCC98519F046}"
	ProjectSection(ProjectDependencies) = postProject
		{40CD7850-BF53-42AD-BA5C-DCC98519F044} = {40CD7850-BF53-42AD-BA5C-DCC98519F044}
	EndProjectSection
EndProject
Project("{8BC9CEB8-8B4A-11D0-8D11-00A0C91BC942}") = "Compute_Shaders", "src\Compute_Shaders\Compute_Shaders.vcxproj", "{40CD7850-BF53-42AD-BA5C-DCC98519F047}"
EndProject
Project("{8BC9CEB8-8B4A-11D0-8D11-00A0C91BC942}") = "Planet", "src\Planet\Planet.vcxproj", "{6A34A41D-BA52-41F2-BF30-A235E2AD61B0}"
	ProjectSection(ProjectDependencies) = postProject
		{40CD7850-BF53-42AD-BA5C-DCC98519F044} = {40CD7850-BF53-42AD-BA5C-DCC98519F044}
	EndProjectSection
EndProject
Project("{8BC9CEB8-8B4A-11D0-8D11-00A0C91BC942}") = "Tree", "src\Tree\Tree.vcxproj", "{1F849948-4644-4B25-A841-DF32EC6B9847}"
	ProjectSection(ProjectDependencies) = postProject
		{40CD7850-BF53-42AD-BA5C-DCC98519F044} = {40CD7850-BF53-42AD-BA5C-DCC98519F044}
	EndProjectSection
EndProject
Global
	GlobalSection(SolutionConfigurationPlatforms) = preSolution
		Debug|x64 = Debug|x64
		Debug|x86 = Debug|x86
		Release|x64 = Release|x64
		Release|x86 = Release|x86
	EndGlobalSection
	GlobalSection(ProjectConfigurationPlatforms) = postSolution
		{40CD7850-BF53-42AD-BA5C-DCC98519F044}.Debug|x64.ActiveCfg = Debug|x64
		{40CD7850-BF53-42AD-BA5C-DCC98519F044}.Debug|x64.Build.0 = Debug|x64
		{40CD7850-BF53-42AD-BA5C-DCC98519F044}.Debug|x86.ActiveCfg = Debug|Win32
		{40CD7850-BF53-42AD-BA5C-DCC98519F044}.Debug|x86.Build.0 = Debug|Win32
		{40CD7850-BF53-42AD-BA5C-DCC98519F044}.Release|x64.ActiveCfg = Release|x64
		{40CD7850-BF53-42AD-BA5C-DCC98519F044}.Release|x64.Build.0 = Release|x64
		{40CD7850-BF53-42AD-BA5C-DCC98519F044}.Release|x86.ActiveCfg = Release|Win32
		{40CD7850-BF53-42AD-BA5C-DCC98519F044}.Release|x86.Build.0 = Release|Win32
		{40CD7850-BF53-42AD-BA5C-DCC98519F045}.Debug|x64.ActiveCfg = Debug|x64
		{40CD7850-BF53-42AD-BA5C-DCC98519F045}.Debug|x64.Build.0 = Debug|x64
		{40CD7850-BF53-42AD-BA5C-DCC98519F045}.Debug|x86.ActiveCfg = Debug|Win32
		{40CD7850-BF53-42AD-BA5C-DCC98519F045}.Debug|x86.Build.0 = Debug|Win32
		{40CD7850-BF53-42AD-BA5C-DCC98519F045}.Release|x64.ActiveCfg = Release|x64
		{40CD7850-BF53-42AD-BA5C-DCC98519F045}.Release|x64.Build.0 = Release|x64
		{40CD7850-BF53-42AD-BA5C-DCC98519F045}.Release|x86.ActiveCfg = Release|Win32
		{40CD7850-BF53-42AD-BA5C-DCC98519F045}.Release|x86.Build.0 = Release|Win32
		{40CD7850-BF53-42AD-BA5C-DCC98519F046}.Debug|x64.ActiveCfg = Debug|x64
		{40CD7850-BF53-42AD-BA5C-DCC98519F046}.Debug|x64.Build.0 = Debug|x64
		{40CD7850-BF53-42AD-BA5C-DCC98519F046}.Debug|x86.ActiveCfg = Debug|Win32
		{40CD7850-BF53-42AD-BA5C-DCC98519F046}.Debug|x86.Build.0 = Debug|Win32
		{40CD7850-BF53-42AD-BA5C-DCC98519F046}.Release|x64.ActiveCfg = Release|x64
		{40CD7850-BF53-42AD-BA5C-DCC98519F046}.Release|x64.Build.0 = Release|x64
		{40CD7850-BF53-42AD-BA5C-DCC98519F046}.Release|x86.ActiveCfg = Release|Win32
		{40CD7850-BF53-42AD-BA5C-DCC98519F046}.Release|x86.Build.0 = Release|Win32
		{40CD7850-BF53-42AD-BA5C-DCC98519F047}.Debug|x64.ActiveCfg = Debug|x64
		{40CD7850-BF53-42AD-BA5C-DCC98519F047}.Debug|x64.Build.0 = Debug|x64
		{40CD7850-BF53-42AD-BA5C-DCC98519F047}.Debug|x86.ActiveCfg = Debug|Win32
		{40CD7850-BF53-42AD-BA5C-DCC98519F047}.Debug|x86.Build.0 = Debug|Win32
		{40CD7850-BF53-42AD-BA5C-DCC98519F047}.Release|x64.ActiveCfg = Release|x64
		{40CD7850-BF53-42AD-BA5C-DCC98519F047}.Release|x64.Build.0 = Release|x64
		{40CD7850-BF53-42AD-BA5C-DCC98519F047}.Release|x86.ActiveCfg = Release|Win32
		{40CD7850-BF53-42AD-BA5C-DCC98519F047}.Release|x86.Build.0 = Release|Win32
		{6A34A41D-BA52-41F2-BF30-A235E2AD61B0}.Debug|x64.ActiveCfg = Debug|x64
		{6A34A41D-BA52-41F2-BF30-A235E2AD61B0}.Debug|x64.Build.0 = Debug|x64
		{6A34A41D-BA52-41F2-BF30-A235E2AD61B0}.Debug|x86.ActiveCfg = Debug|Win32
		{6A34A41D-BA52-41F2-BF30-A235E2AD61B0}.Debug|x86.Build.0 = Debug|Win32
		{6A34A41D-BA52-41F2-BF30-A235E2AD61B0}.Release|x64.ActiveCfg = Release|x64
		{6A34A41D-BA52-41F2-BF30-A235E2AD61B0}.Release|x64.Build.0 = Release|x64
		{6A34A41D-BA52-41F2-BF30-A235E2AD61B0}.Release|x86.ActiveCfg = Release|Win32
		{6A34A41D-BA52-41F2-BF30-A235E2AD61B0}.Release|x86.Build.0 = Release|Win32
		{1F849948-4644-4B25-A841-DF32EC6B9847}.Debug|x64.ActiveCfg = Debug|x64
		{1F849948-4644-4B25-A841-DF32EC6B9847}.Debug|x64.Build.0 = Debug|x64
		{1F849948-4644-4B25-A841-DF32EC6B9847}.Debug|x86.ActiveCfg = Debug|Win32
		{1F849948-4644-4B25-A841-DF32EC6B9847}.Debug|x86.Build.0 = Debug|Win32
		{1F849948-4644-4B25-A841-DF32EC6B9847}.Release|x64.ActiveCfg = Release|x64
		{1F849948-4644-4B25-A841-DF32EC6B9847}.Release|x64.Build.0 = Release|x64
		{1F849948-4644-4B25-A841-DF32EC6B9847}.Release|x86.ActiveCfg = Release|Win32
		{1F849948-4644-4B25-A841-DF32EC6B9847}.Release|x86.Build.0 = Release|Win32
	EndGlobalSection
	GlobalSection(SolutionProperties) = preSolution
		HideSolutionNode = FALSE
	EndGlobalSection
EndGlobal
